// !$*UTF8*$!
{
	archiveVersion = 1;
	classes = {
	};
	objectVersion = 51;
	objects = {

/* Begin PBXBuildFile section */
		2701595424B6601F006DF121 /* MechanicalData.swift in Sources */ = {isa = PBXBuildFile; fileRef = 2701595324B6601F006DF121 /* MechanicalData.swift */; };
		2E35860A2427C896009D65C7 /* OverviewData.swift in Sources */ = {isa = PBXBuildFile; fileRef = 2E3586092427C896009D65C7 /* OverviewData.swift */; };
		2E35860C24284167009D65C7 /* MathData.swift in Sources */ = {isa = PBXBuildFile; fileRef = 2E35860B24284167009D65C7 /* MathData.swift */; };
		2E35860E242854E0009D65C7 /* BIRVData.swift in Sources */ = {isa = PBXBuildFile; fileRef = 2E35860D242854E0009D65C7 /* BIRVData.swift */; };
		2E3D5DB824241B1F008185AD /* AppDelegate.swift in Sources */ = {isa = PBXBuildFile; fileRef = 2E3D5DB724241B1F008185AD /* AppDelegate.swift */; };
		2E3D5DBA24241B1F008185AD /* SceneDelegate.swift in Sources */ = {isa = PBXBuildFile; fileRef = 2E3D5DB924241B1F008185AD /* SceneDelegate.swift */; };
		2E3D5DBC24241B1F008185AD /* SyllabusController.swift in Sources */ = {isa = PBXBuildFile; fileRef = 2E3D5DBB24241B1F008185AD /* SyllabusController.swift */; };
		2E3D5DBF24241B1F008185AD /* Main.storyboard in Resources */ = {isa = PBXBuildFile; fileRef = 2E3D5DBD24241B1F008185AD /* Main.storyboard */; };
		2E3D5DC124241B23008185AD /* Assets.xcassets in Resources */ = {isa = PBXBuildFile; fileRef = 2E3D5DC024241B23008185AD /* Assets.xcassets */; };
		2E3D5DC424241B23008185AD /* LaunchScreen.storyboard in Resources */ = {isa = PBXBuildFile; fileRef = 2E3D5DC224241B23008185AD /* LaunchScreen.storyboard */; };
		2E3D5DCC24242D2D008185AD /* SyllabusHeader.swift in Sources */ = {isa = PBXBuildFile; fileRef = 2E3D5DCB24242D2C008185AD /* SyllabusHeader.swift */; };
		2E3D5DCE24242E39008185AD /* Extensions.swift in Sources */ = {isa = PBXBuildFile; fileRef = 2E3D5DCD24242E39008185AD /* Extensions.swift */; };
		2E3D5DD12424318D008185AD /* TopicCell.swift in Sources */ = {isa = PBXBuildFile; fileRef = 2E3D5DD02424318D008185AD /* TopicCell.swift */; };
		2E3D5DD424243E65008185AD /* SyllabusData.swift in Sources */ = {isa = PBXBuildFile; fileRef = 2E3D5DD324243E65008185AD /* SyllabusData.swift */; };
		2E3D5DD7242536ED008185AD /* LessonController.swift in Sources */ = {isa = PBXBuildFile; fileRef = 2E3D5DD6242536EC008185AD /* LessonController.swift */; };
		2E3D5DD924253F29008185AD /* LessonCell.swift in Sources */ = {isa = PBXBuildFile; fileRef = 2E3D5DD824253F29008185AD /* LessonCell.swift */; };
		2E3D5DDC24259A32008185AD /* LessonTextController.swift in Sources */ = {isa = PBXBuildFile; fileRef = 2E3D5DDB24259A31008185AD /* LessonTextController.swift */; };
		2E3D5DDE2425A085008185AD /* TextExtensions.swift in Sources */ = {isa = PBXBuildFile; fileRef = 2E3D5DDD2425A084008185AD /* TextExtensions.swift */; };
		2E3D5DE02425A524008185AD /* MathExtensions.swift in Sources */ = {isa = PBXBuildFile; fileRef = 2E3D5DDF2425A524008185AD /* MathExtensions.swift */; };
		2E3D5DE32425C50A008185AD /* ReviewController.swift in Sources */ = {isa = PBXBuildFile; fileRef = 2E3D5DE22425C509008185AD /* ReviewController.swift */; };
		2E3D5DE52425CC42008185AD /* ReviewHeader.swift in Sources */ = {isa = PBXBuildFile; fileRef = 2E3D5DE42425CC42008185AD /* ReviewHeader.swift */; };
		2E3D5DE72425D390008185AD /* ReviewAnswerCell.swift in Sources */ = {isa = PBXBuildFile; fileRef = 2E3D5DE62425D390008185AD /* ReviewAnswerCell.swift */; };
		2E5CCA92243046BA009C2474 /* SyllabusController.swift in Sources */ = {isa = PBXBuildFile; fileRef = 2E5CCA91243046BA009C2474 /* SyllabusController.swift */; };
		2E5CCA94243046D5009C2474 /* SyllabusHeader.swift in Sources */ = {isa = PBXBuildFile; fileRef = 2E5CCA93243046D5009C2474 /* SyllabusHeader.swift */; };
		2E5CCA96243046EE009C2474 /* TopicCell.swift in Sources */ = {isa = PBXBuildFile; fileRef = 2E5CCA95243046EE009C2474 /* TopicCell.swift */; };
		47E4F5157FA0693E4B043A3D /* Pods_ASTB_Syllabus_Proto.framework in Frameworks */ = {isa = PBXBuildFile; fileRef = 781F9F93ED5A482458C98EED /* Pods_ASTB_Syllabus_Proto.framework */; };
/* End PBXBuildFile section */

/* Begin PBXFileReference section */
		2701595324B6601F006DF121 /* MechanicalData.swift */ = {isa = PBXFileReference; lastKnownFileType = sourcecode.swift; path = MechanicalData.swift; sourceTree = "<group>"; };
		2E3586092427C896009D65C7 /* OverviewData.swift */ = {isa = PBXFileReference; lastKnownFileType = sourcecode.swift; path = OverviewData.swift; sourceTree = "<group>"; };
		2E35860B24284167009D65C7 /* MathData.swift */ = {isa = PBXFileReference; lastKnownFileType = sourcecode.swift; path = MathData.swift; sourceTree = "<group>"; };
		2E35860D242854E0009D65C7 /* BIRVData.swift */ = {isa = PBXFileReference; lastKnownFileType = sourcecode.swift; path = BIRVData.swift; sourceTree = "<group>"; };
		2E3D5DB424241B1E008185AD /* ASTB Syllabus Proto.app */ = {isa = PBXFileReference; explicitFileType = wrapper.application; includeInIndex = 0; path = "ASTB Syllabus Proto.app"; sourceTree = BUILT_PRODUCTS_DIR; };
		2E3D5DB724241B1F008185AD /* AppDelegate.swift */ = {isa = PBXFileReference; lastKnownFileType = sourcecode.swift; path = AppDelegate.swift; sourceTree = "<group>"; };
		2E3D5DB924241B1F008185AD /* SceneDelegate.swift */ = {isa = PBXFileReference; lastKnownFileType = sourcecode.swift; path = SceneDelegate.swift; sourceTree = "<group>"; };
		2E3D5DBB24241B1F008185AD /* SyllabusController.swift */ = {isa = PBXFileReference; lastKnownFileType = sourcecode.swift; path = SyllabusController.swift; sourceTree = "<group>"; };
		2E3D5DBE24241B1F008185AD /* Base */ = {isa = PBXFileReference; lastKnownFileType = file.storyboard; name = Base; path = Base.lproj/Main.storyboard; sourceTree = "<group>"; };
		2E3D5DC024241B23008185AD /* Assets.xcassets */ = {isa = PBXFileReference; lastKnownFileType = folder.assetcatalog; path = Assets.xcassets; sourceTree = "<group>"; };
		2E3D5DC324241B23008185AD /* Base */ = {isa = PBXFileReference; lastKnownFileType = file.storyboard; name = Base; path = Base.lproj/LaunchScreen.storyboard; sourceTree = "<group>"; };
		2E3D5DC524241B23008185AD /* Info.plist */ = {isa = PBXFileReference; lastKnownFileType = text.plist.xml; path = Info.plist; sourceTree = "<group>"; };
		2E3D5DCB24242D2C008185AD /* SyllabusHeader.swift */ = {isa = PBXFileReference; lastKnownFileType = sourcecode.swift; path = SyllabusHeader.swift; sourceTree = "<group>"; };
		2E3D5DCD24242E39008185AD /* Extensions.swift */ = {isa = PBXFileReference; lastKnownFileType = sourcecode.swift; path = Extensions.swift; sourceTree = "<group>"; };
		2E3D5DD02424318D008185AD /* TopicCell.swift */ = {isa = PBXFileReference; lastKnownFileType = sourcecode.swift; path = TopicCell.swift; sourceTree = "<group>"; };
		2E3D5DD324243E65008185AD /* SyllabusData.swift */ = {isa = PBXFileReference; lastKnownFileType = sourcecode.swift; path = SyllabusData.swift; sourceTree = "<group>"; };
		2E3D5DD6242536EC008185AD /* LessonController.swift */ = {isa = PBXFileReference; lastKnownFileType = sourcecode.swift; path = LessonController.swift; sourceTree = "<group>"; };
		2E3D5DD824253F29008185AD /* LessonCell.swift */ = {isa = PBXFileReference; lastKnownFileType = sourcecode.swift; path = LessonCell.swift; sourceTree = "<group>"; };
		2E3D5DDB24259A31008185AD /* LessonTextController.swift */ = {isa = PBXFileReference; lastKnownFileType = sourcecode.swift; path = LessonTextController.swift; sourceTree = "<group>"; };
		2E3D5DDD2425A084008185AD /* TextExtensions.swift */ = {isa = PBXFileReference; lastKnownFileType = sourcecode.swift; path = TextExtensions.swift; sourceTree = "<group>"; };
		2E3D5DDF2425A524008185AD /* MathExtensions.swift */ = {isa = PBXFileReference; lastKnownFileType = sourcecode.swift; path = MathExtensions.swift; sourceTree = "<group>"; };
		2E3D5DE22425C509008185AD /* ReviewController.swift */ = {isa = PBXFileReference; lastKnownFileType = sourcecode.swift; path = ReviewController.swift; sourceTree = "<group>"; };
		2E3D5DE42425CC42008185AD /* ReviewHeader.swift */ = {isa = PBXFileReference; lastKnownFileType = sourcecode.swift; path = ReviewHeader.swift; sourceTree = "<group>"; };
		2E3D5DE62425D390008185AD /* ReviewAnswerCell.swift */ = {isa = PBXFileReference; lastKnownFileType = sourcecode.swift; path = ReviewAnswerCell.swift; sourceTree = "<group>"; };
		2E5CCA91243046BA009C2474 /* SyllabusController.swift */ = {isa = PBXFileReference; fileEncoding = 4; lastKnownFileType = sourcecode.swift; path = SyllabusController.swift; sourceTree = "<group>"; };
		2E5CCA93243046D5009C2474 /* SyllabusHeader.swift */ = {isa = PBXFileReference; fileEncoding = 4; lastKnownFileType = sourcecode.swift; path = SyllabusHeader.swift; sourceTree = "<group>"; };
		2E5CCA95243046EE009C2474 /* TopicCell.swift */ = {isa = PBXFileReference; fileEncoding = 4; lastKnownFileType = sourcecode.swift; path = TopicCell.swift; sourceTree = "<group>"; };
		46DCB8B7A8A4E3FCFDF62563 /* Pods-ASTB Syllabus Proto.release.xcconfig */ = {isa = PBXFileReference; includeInIndex = 1; lastKnownFileType = text.xcconfig; name = "Pods-ASTB Syllabus Proto.release.xcconfig"; path = "Target Support Files/Pods-ASTB Syllabus Proto/Pods-ASTB Syllabus Proto.release.xcconfig"; sourceTree = "<group>"; };
		781F9F93ED5A482458C98EED /* Pods_ASTB_Syllabus_Proto.framework */ = {isa = PBXFileReference; explicitFileType = wrapper.framework; includeInIndex = 0; path = Pods_ASTB_Syllabus_Proto.framework; sourceTree = BUILT_PRODUCTS_DIR; };
		D900DECB58425A27FC636459 /* Pods-ASTB Syllabus Proto.debug.xcconfig */ = {isa = PBXFileReference; includeInIndex = 1; lastKnownFileType = text.xcconfig; name = "Pods-ASTB Syllabus Proto.debug.xcconfig"; path = "Target Support Files/Pods-ASTB Syllabus Proto/Pods-ASTB Syllabus Proto.debug.xcconfig"; sourceTree = "<group>"; };
/* End PBXFileReference section */

/* Begin PBXFrameworksBuildPhase section */
		2E3D5DB124241B1E008185AD /* Frameworks */ = {
			isa = PBXFrameworksBuildPhase;
			buildActionMask = 2147483647;
			files = (
				47E4F5157FA0693E4B043A3D /* Pods_ASTB_Syllabus_Proto.framework in Frameworks */,
			);
			runOnlyForDeploymentPostprocessing = 0;
		};
/* End PBXFrameworksBuildPhase section */

/* Begin PBXGroup section */
		2E3D5DAB24241B1E008185AD = {
			isa = PBXGroup;
			children = (
				2E3D5DB624241B1F008185AD /* ASTB Syllabus Proto */,
				2E3D5DB524241B1E008185AD /* Products */,
				577542F162BDDDA2885228DE /* Pods */,
				BAB0CB93BFF090297E4C76EC /* Frameworks */,
			);
			sourceTree = "<group>";
		};
		2E3D5DB524241B1E008185AD /* Products */ = {
			isa = PBXGroup;
			children = (
				2E3D5DB424241B1E008185AD /* ASTB Syllabus Proto.app */,
			);
			name = Products;
			sourceTree = "<group>";
		};
		2E3D5DB624241B1F008185AD /* ASTB Syllabus Proto */ = {
			isa = PBXGroup;
			children = (
				2E3D5DB724241B1F008185AD /* AppDelegate.swift */,
				2E3D5DB924241B1F008185AD /* SceneDelegate.swift */,
				2E3D5DCF24243090008185AD /* Syllabus */,
				2E3D5DD5242536B5008185AD /* Lessons */,
				2E3D5DDA242599AA008185AD /* Lesson Text */,
				2E3D5DE12425C4CC008185AD /* Review */,
				2E3D5DD224243E37008185AD /* Data */,
				2E3D5DBD24241B1F008185AD /* Main.storyboard */,
				2E3D5DC024241B23008185AD /* Assets.xcassets */,
				2E3D5DC224241B23008185AD /* LaunchScreen.storyboard */,
				2E3D5DC524241B23008185AD /* Info.plist */,
				2E3D5DCD24242E39008185AD /* Extensions.swift */,
				2E3D5DDD2425A084008185AD /* TextExtensions.swift */,
				2E3D5DDF2425A524008185AD /* MathExtensions.swift */,
			);
			path = "ASTB Syllabus Proto";
			sourceTree = "<group>";
		};
		2E3D5DCF24243090008185AD /* Syllabus */ = {
			isa = PBXGroup;
			children = (
				2E3D5DBB24241B1F008185AD /* SyllabusController.swift */,
				2E5CCA91243046BA009C2474 /* SyllabusController.swift */,
				2E3D5DCB24242D2C008185AD /* SyllabusHeader.swift */,
				2E5CCA95243046EE009C2474 /* TopicCell.swift */,
				2E5CCA93243046D5009C2474 /* SyllabusHeader.swift */,
				2E3D5DD02424318D008185AD /* TopicCell.swift */,
			);
			path = Syllabus;
			sourceTree = "<group>";
		};
		2E3D5DD224243E37008185AD /* Data */ = {
			isa = PBXGroup;
			children = (
				2E3D5DD324243E65008185AD /* SyllabusData.swift */,
				2E3586092427C896009D65C7 /* OverviewData.swift */,
				2E35860B24284167009D65C7 /* MathData.swift */,
				2701595324B6601F006DF121 /* MechanicalData.swift */,
				2E35860D242854E0009D65C7 /* BIRVData.swift */,
			);
			path = Data;
			sourceTree = "<group>";
		};
		2E3D5DD5242536B5008185AD /* Lessons */ = {
			isa = PBXGroup;
			children = (
				2E3D5DD6242536EC008185AD /* LessonController.swift */,
				2E3D5DD824253F29008185AD /* LessonCell.swift */,
			);
			path = Lessons;
			sourceTree = "<group>";
		};
		2E3D5DDA242599AA008185AD /* Lesson Text */ = {
			isa = PBXGroup;
			children = (
				2E3D5DDB24259A31008185AD /* LessonTextController.swift */,
			);
			path = "Lesson Text";
			sourceTree = "<group>";
		};
		2E3D5DE12425C4CC008185AD /* Review */ = {
			isa = PBXGroup;
			children = (
				2E3D5DE22425C509008185AD /* ReviewController.swift */,
				2E3D5DE42425CC42008185AD /* ReviewHeader.swift */,
				2E3D5DE62425D390008185AD /* ReviewAnswerCell.swift */,
			);
			path = Review;
			sourceTree = "<group>";
		};
		577542F162BDDDA2885228DE /* Pods */ = {
			isa = PBXGroup;
			children = (
				D900DECB58425A27FC636459 /* Pods-ASTB Syllabus Proto.debug.xcconfig */,
				46DCB8B7A8A4E3FCFDF62563 /* Pods-ASTB Syllabus Proto.release.xcconfig */,
			);
			path = Pods;
			sourceTree = "<group>";
		};
		BAB0CB93BFF090297E4C76EC /* Frameworks */ = {
			isa = PBXGroup;
			children = (
				781F9F93ED5A482458C98EED /* Pods_ASTB_Syllabus_Proto.framework */,
			);
			name = Frameworks;
			sourceTree = "<group>";
		};
/* End PBXGroup section */

/* Begin PBXNativeTarget section */
		2E3D5DB324241B1E008185AD /* ASTB Syllabus Proto */ = {
			isa = PBXNativeTarget;
			buildConfigurationList = 2E3D5DC824241B23008185AD /* Build configuration list for PBXNativeTarget "ASTB Syllabus Proto" */;
			buildPhases = (
				773A085C49ADBA4C01EF5A00 /* [CP] Check Pods Manifest.lock */,
				2E3D5DB024241B1E008185AD /* Sources */,
				2E3D5DB124241B1E008185AD /* Frameworks */,
				2E3D5DB224241B1E008185AD /* Resources */,
				20F3723AF89C0B80B99EDEEE /* [CP] Embed Pods Frameworks */,
			);
			buildRules = (
			);
			dependencies = (
			);
			name = "ASTB Syllabus Proto";
			productName = "ASTB Syllabus Proto";
			productReference = 2E3D5DB424241B1E008185AD /* ASTB Syllabus Proto.app */;
			productType = "com.apple.product-type.application";
		};
/* End PBXNativeTarget section */

/* Begin PBXProject section */
		2E3D5DAC24241B1E008185AD /* Project object */ = {
			isa = PBXProject;
			attributes = {
				LastSwiftUpdateCheck = 1130;
				LastUpgradeCheck = 1130;
				ORGANIZATIONNAME = "Alex Hastings";
				TargetAttributes = {
					2E3D5DB324241B1E008185AD = {
						CreatedOnToolsVersion = 11.3.1;
					};
				};
			};
			buildConfigurationList = 2E3D5DAF24241B1E008185AD /* Build configuration list for PBXProject "ASTB Syllabus Proto" */;
			compatibilityVersion = "Xcode 9.3";
			developmentRegion = en;
			hasScannedForEncodings = 0;
			knownRegions = (
				en,
				Base,
			);
			mainGroup = 2E3D5DAB24241B1E008185AD;
			productRefGroup = 2E3D5DB524241B1E008185AD /* Products */;
			projectDirPath = "";
			projectRoot = "";
			targets = (
				2E3D5DB324241B1E008185AD /* ASTB Syllabus Proto */,
			);
		};
/* End PBXProject section */

/* Begin PBXResourcesBuildPhase section */
		2E3D5DB224241B1E008185AD /* Resources */ = {
			isa = PBXResourcesBuildPhase;
			buildActionMask = 2147483647;
			files = (
				2E3D5DC424241B23008185AD /* LaunchScreen.storyboard in Resources */,
				2E3D5DC124241B23008185AD /* Assets.xcassets in Resources */,
				2E3D5DBF24241B1F008185AD /* Main.storyboard in Resources */,
			);
			runOnlyForDeploymentPostprocessing = 0;
		};
/* End PBXResourcesBuildPhase section */

/* Begin PBXShellScriptBuildPhase section */
		20F3723AF89C0B80B99EDEEE /* [CP] Embed Pods Frameworks */ = {
			isa = PBXShellScriptBuildPhase;
			buildActionMask = 2147483647;
			files = (
			);
			inputFileListPaths = (
				"${PODS_ROOT}/Target Support Files/Pods-ASTB Syllabus Proto/Pods-ASTB Syllabus Proto-frameworks-${CONFIGURATION}-input-files.xcfilelist",
			);
			name = "[CP] Embed Pods Frameworks";
			outputFileListPaths = (
				"${PODS_ROOT}/Target Support Files/Pods-ASTB Syllabus Proto/Pods-ASTB Syllabus Proto-frameworks-${CONFIGURATION}-output-files.xcfilelist",
			);
			runOnlyForDeploymentPostprocessing = 0;
			shellPath = /bin/sh;
			shellScript = "\"${PODS_ROOT}/Target Support Files/Pods-ASTB Syllabus Proto/Pods-ASTB Syllabus Proto-frameworks.sh\"\n";
			showEnvVarsInLog = 0;
		};
		773A085C49ADBA4C01EF5A00 /* [CP] Check Pods Manifest.lock */ = {
			isa = PBXShellScriptBuildPhase;
			buildActionMask = 2147483647;
			files = (
			);
			inputFileListPaths = (
			);
			inputPaths = (
				"${PODS_PODFILE_DIR_PATH}/Podfile.lock",
				"${PODS_ROOT}/Manifest.lock",
			);
			name = "[CP] Check Pods Manifest.lock";
			outputFileListPaths = (
			);
			outputPaths = (
				"$(DERIVED_FILE_DIR)/Pods-ASTB Syllabus Proto-checkManifestLockResult.txt",
			);
			runOnlyForDeploymentPostprocessing = 0;
			shellPath = /bin/sh;
			shellScript = "diff \"${PODS_PODFILE_DIR_PATH}/Podfile.lock\" \"${PODS_ROOT}/Manifest.lock\" > /dev/null\nif [ $? != 0 ] ; then\n    # print error to STDERR\n    echo \"error: The sandbox is not in sync with the Podfile.lock. Run 'pod install' or update your CocoaPods installation.\" >&2\n    exit 1\nfi\n# This output is used by Xcode 'outputs' to avoid re-running this script phase.\necho \"SUCCESS\" > \"${SCRIPT_OUTPUT_FILE_0}\"\n";
			showEnvVarsInLog = 0;
		};
/* End PBXShellScriptBuildPhase section */

/* Begin PBXSourcesBuildPhase section */
		2E3D5DB024241B1E008185AD /* Sources */ = {
			isa = PBXSourcesBuildPhase;
			buildActionMask = 2147483647;
			files = (
				2E35860E242854E0009D65C7 /* BIRVData.swift in Sources */,
				2E3D5DCE24242E39008185AD /* Extensions.swift in Sources */,
				2E3D5DD7242536ED008185AD /* LessonController.swift in Sources */,
				2E5CCA94243046D5009C2474 /* SyllabusHeader.swift in Sources */,
				2E3D5DBC24241B1F008185AD /* SyllabusController.swift in Sources */,
				2E35860C24284167009D65C7 /* MathData.swift in Sources */,
				2E3D5DB824241B1F008185AD /* AppDelegate.swift in Sources */,
				2E3D5DD924253F29008185AD /* LessonCell.swift in Sources */,
				2701595424B6601F006DF121 /* MechanicalData.swift in Sources */,
				2E3D5DE02425A524008185AD /* MathExtensions.swift in Sources */,
				2E3D5DE52425CC42008185AD /* ReviewHeader.swift in Sources */,
				2E3D5DD424243E65008185AD /* SyllabusData.swift in Sources */,
				2E3D5DDC24259A32008185AD /* LessonTextController.swift in Sources */,
				2E3D5DE32425C50A008185AD /* ReviewController.swift in Sources */,
				2E3D5DDE2425A085008185AD /* TextExtensions.swift in Sources */,
				2E5CCA92243046BA009C2474 /* SyllabusController.swift in Sources */,
				2E3D5DBA24241B1F008185AD /* SceneDelegate.swift in Sources */,
				2E3D5DD12424318D008185AD /* TopicCell.swift in Sources */,
				2E3D5DCC24242D2D008185AD /* SyllabusHeader.swift in Sources */,
				2E35860A2427C896009D65C7 /* OverviewData.swift in Sources */,
				2E5CCA96243046EE009C2474 /* TopicCell.swift in Sources */,
				2E3D5DE72425D390008185AD /* ReviewAnswerCell.swift in Sources */,
			);
			runOnlyForDeploymentPostprocessing = 0;
		};
/* End PBXSourcesBuildPhase section */

/* Begin PBXVariantGroup section */
		2E3D5DBD24241B1F008185AD /* Main.storyboard */ = {
			isa = PBXVariantGroup;
			children = (
				2E3D5DBE24241B1F008185AD /* Base */,
			);
			name = Main.storyboard;
			sourceTree = "<group>";
		};
		2E3D5DC224241B23008185AD /* LaunchScreen.storyboard */ = {
			isa = PBXVariantGroup;
			children = (
				2E3D5DC324241B23008185AD /* Base */,
			);
			name = LaunchScreen.storyboard;
			sourceTree = "<group>";
		};
/* End PBXVariantGroup section */

/* Begin XCBuildConfiguration section */
		2E3D5DC624241B23008185AD /* Debug */ = {
			isa = XCBuildConfiguration;
			buildSettings = {
				ALWAYS_SEARCH_USER_PATHS = NO;
				CLANG_ANALYZER_NONNULL = YES;
				CLANG_ANALYZER_NUMBER_OBJECT_CONVERSION = YES_AGGRESSIVE;
				CLANG_CXX_LANGUAGE_STANDARD = "gnu++14";
				CLANG_CXX_LIBRARY = "libc++";
				CLANG_ENABLE_MODULES = YES;
				CLANG_ENABLE_OBJC_ARC = YES;
				CLANG_ENABLE_OBJC_WEAK = YES;
				CLANG_WARN_BLOCK_CAPTURE_AUTORELEASING = YES;
				CLANG_WARN_BOOL_CONVERSION = YES;
				CLANG_WARN_COMMA = YES;
				CLANG_WARN_CONSTANT_CONVERSION = YES;
				CLANG_WARN_DEPRECATED_OBJC_IMPLEMENTATIONS = YES;
				CLANG_WARN_DIRECT_OBJC_ISA_USAGE = YES_ERROR;
				CLANG_WARN_DOCUMENTATION_COMMENTS = YES;
				CLANG_WARN_EMPTY_BODY = YES;
				CLANG_WARN_ENUM_CONVERSION = YES;
				CLANG_WARN_INFINITE_RECURSION = YES;
				CLANG_WARN_INT_CONVERSION = YES;
				CLANG_WARN_NON_LITERAL_NULL_CONVERSION = YES;
				CLANG_WARN_OBJC_IMPLICIT_RETAIN_SELF = YES;
				CLANG_WARN_OBJC_LITERAL_CONVERSION = YES;
				CLANG_WARN_OBJC_ROOT_CLASS = YES_ERROR;
				CLANG_WARN_RANGE_LOOP_ANALYSIS = YES;
				CLANG_WARN_STRICT_PROTOTYPES = YES;
				CLANG_WARN_SUSPICIOUS_MOVE = YES;
				CLANG_WARN_UNGUARDED_AVAILABILITY = YES_AGGRESSIVE;
				CLANG_WARN_UNREACHABLE_CODE = YES;
				CLANG_WARN__DUPLICATE_METHOD_MATCH = YES;
				COPY_PHASE_STRIP = NO;
				DEBUG_INFORMATION_FORMAT = dwarf;
				ENABLE_STRICT_OBJC_MSGSEND = YES;
				ENABLE_TESTABILITY = YES;
				GCC_C_LANGUAGE_STANDARD = gnu11;
				GCC_DYNAMIC_NO_PIC = NO;
				GCC_NO_COMMON_BLOCKS = YES;
				GCC_OPTIMIZATION_LEVEL = 0;
				GCC_PREPROCESSOR_DEFINITIONS = (
					"DEBUG=1",
					"$(inherited)",
				);
				GCC_WARN_64_TO_32_BIT_CONVERSION = YES;
				GCC_WARN_ABOUT_RETURN_TYPE = YES_ERROR;
				GCC_WARN_UNDECLARED_SELECTOR = YES;
				GCC_WARN_UNINITIALIZED_AUTOS = YES_AGGRESSIVE;
				GCC_WARN_UNUSED_FUNCTION = YES;
				GCC_WARN_UNUSED_VARIABLE = YES;
				IPHONEOS_DEPLOYMENT_TARGET = 13.2;
				MTL_ENABLE_DEBUG_INFO = INCLUDE_SOURCE;
				MTL_FAST_MATH = YES;
				ONLY_ACTIVE_ARCH = YES;
				SDKROOT = iphoneos;
				SWIFT_ACTIVE_COMPILATION_CONDITIONS = DEBUG;
				SWIFT_OPTIMIZATION_LEVEL = "-Onone";
			};
			name = Debug;
		};
		2E3D5DC724241B23008185AD /* Release */ = {
			isa = XCBuildConfiguration;
			buildSettings = {
				ALWAYS_SEARCH_USER_PATHS = NO;
				CLANG_ANALYZER_NONNULL = YES;
				CLANG_ANALYZER_NUMBER_OBJECT_CONVERSION = YES_AGGRESSIVE;
				CLANG_CXX_LANGUAGE_STANDARD = "gnu++14";
				CLANG_CXX_LIBRARY = "libc++";
				CLANG_ENABLE_MODULES = YES;
				CLANG_ENABLE_OBJC_ARC = YES;
				CLANG_ENABLE_OBJC_WEAK = YES;
				CLANG_WARN_BLOCK_CAPTURE_AUTORELEASING = YES;
				CLANG_WARN_BOOL_CONVERSION = YES;
				CLANG_WARN_COMMA = YES;
				CLANG_WARN_CONSTANT_CONVERSION = YES;
				CLANG_WARN_DEPRECATED_OBJC_IMPLEMENTATIONS = YES;
				CLANG_WARN_DIRECT_OBJC_ISA_USAGE = YES_ERROR;
				CLANG_WARN_DOCUMENTATION_COMMENTS = YES;
				CLANG_WARN_EMPTY_BODY = YES;
				CLANG_WARN_ENUM_CONVERSION = YES;
				CLANG_WARN_INFINITE_RECURSION = YES;
				CLANG_WARN_INT_CONVERSION = YES;
				CLANG_WARN_NON_LITERAL_NULL_CONVERSION = YES;
				CLANG_WARN_OBJC_IMPLICIT_RETAIN_SELF = YES;
				CLANG_WARN_OBJC_LITERAL_CONVERSION = YES;
				CLANG_WARN_OBJC_ROOT_CLASS = YES_ERROR;
				CLANG_WARN_RANGE_LOOP_ANALYSIS = YES;
				CLANG_WARN_STRICT_PROTOTYPES = YES;
				CLANG_WARN_SUSPICIOUS_MOVE = YES;
				CLANG_WARN_UNGUARDED_AVAILABILITY = YES_AGGRESSIVE;
				CLANG_WARN_UNREACHABLE_CODE = YES;
				CLANG_WARN__DUPLICATE_METHOD_MATCH = YES;
				COPY_PHASE_STRIP = NO;
				DEBUG_INFORMATION_FORMAT = "dwarf-with-dsym";
				ENABLE_NS_ASSERTIONS = NO;
				ENABLE_STRICT_OBJC_MSGSEND = YES;
				GCC_C_LANGUAGE_STANDARD = gnu11;
				GCC_NO_COMMON_BLOCKS = YES;
				GCC_WARN_64_TO_32_BIT_CONVERSION = YES;
				GCC_WARN_ABOUT_RETURN_TYPE = YES_ERROR;
				GCC_WARN_UNDECLARED_SELECTOR = YES;
				GCC_WARN_UNINITIALIZED_AUTOS = YES_AGGRESSIVE;
				GCC_WARN_UNUSED_FUNCTION = YES;
				GCC_WARN_UNUSED_VARIABLE = YES;
				IPHONEOS_DEPLOYMENT_TARGET = 13.2;
				MTL_ENABLE_DEBUG_INFO = NO;
				MTL_FAST_MATH = YES;
				SDKROOT = iphoneos;
				SWIFT_COMPILATION_MODE = wholemodule;
				SWIFT_OPTIMIZATION_LEVEL = "-O";
				VALIDATE_PRODUCT = YES;
			};
			name = Release;
		};
		2E3D5DC924241B23008185AD /* Debug */ = {
			isa = XCBuildConfiguration;
			baseConfigurationReference = D900DECB58425A27FC636459 /* Pods-ASTB Syllabus Proto.debug.xcconfig */;
			buildSettings = {
				ASSETCATALOG_COMPILER_APPICON_NAME = AppIcon;
				CODE_SIGN_STYLE = Automatic;
				DEVELOPMENT_TEAM = 5B2RRUJH8B;
				INFOPLIST_FILE = "ASTB Syllabus Proto/Info.plist";
				LD_RUNPATH_SEARCH_PATHS = (
					"$(inherited)",
					"@executable_path/Frameworks",
				);
				PRODUCT_BUNDLE_IDENTIFIER = "Alex-Hastings.ASTB-Syllabus-Proto";
				PRODUCT_NAME = "$(TARGET_NAME)";
				SWIFT_VERSION = 5.0;
				TARGETED_DEVICE_FAMILY = "1,2";
			};
			name = Debug;
		};
		2E3D5DCA24241B23008185AD /* Release */ = {
			isa = XCBuildConfiguration;
			baseConfigurationReference = 46DCB8B7A8A4E3FCFDF62563 /* Pods-ASTB Syllabus Proto.release.xcconfig */;
			buildSettings = {
				ASSETCATALOG_COMPILER_APPICON_NAME = AppIcon;
				CODE_SIGN_STYLE = Automatic;
				DEVELOPMENT_TEAM = 5B2RRUJH8B;
				INFOPLIST_FILE = "ASTB Syllabus Proto/Info.plist";
				LD_RUNPATH_SEARCH_PATHS = (
					"$(inherited)",
					"@executable_path/Frameworks",
				);
				PRODUCT_BUNDLE_IDENTIFIER = "Alex-Hastings.ASTB-Syllabus-Proto";
				PRODUCT_NAME = "$(TARGET_NAME)";
				SWIFT_VERSION = 5.0;
				TARGETED_DEVICE_FAMILY = "1,2";
			};
			name = Release;
		};
/* End XCBuildConfiguration section */

/* Begin XCConfigurationList section */
		2E3D5DAF24241B1E008185AD /* Build configuration list for PBXProject "ASTB Syllabus Proto" */ = {
			isa = XCConfigurationList;
			buildConfigurations = (
				2E3D5DC624241B23008185AD /* Debug */,
				2E3D5DC724241B23008185AD /* Release */,
			);
			defaultConfigurationIsVisible = 0;
			defaultConfigurationName = Release;
		};
		2E3D5DC824241B23008185AD /* Build configuration list for PBXNativeTarget "ASTB Syllabus Proto" */ = {
			isa = XCConfigurationList;
			buildConfigurations = (
				2E3D5DC924241B23008185AD /* Debug */,
				2E3D5DCA24241B23008185AD /* Release */,
			);
			defaultConfigurationIsVisible = 0;
			defaultConfigurationName = Release;
		};
/* End XCConfigurationList section */
	};
	rootObject = 2E3D5DAC24241B1E008185AD /* Project object */;
}
